{
  "pins" : [
    {
      "identity" : "forge",
      "kind" : "remoteSourceControl",
      "location" : "https://github.com/Hi-Rez/Forge",
      "state" : {
        "branch" : "master",
        "revision" : "50407c40b433cf6eed786dc497b53916203f24bd"
      }
    },
    {
      "identity" : "satin",
      "kind" : "remoteSourceControl",
      "location" : "https://github.com/Hi-Rez/Satin",
      "state" : {
        "branch" : "master",
        "revision" : "c29677b9e7217c66511998fff10b72a00204f76a"
      }
    },
    {
      "identity" : "youi",
      "kind" : "remoteSourceControl",
      "location" : "https://github.com/Hi-Rez/Youi",
      "state" : {
        "branch" : "master",
        "revision" : "8661b8f925d7af173fac62be51f88148d5c00d60"
      }
    }
  ],
  "version" : 2
}
