{
  "object": {
    "pins": [
      {
        "package": "Forge",
        "repositoryURL": "https://github.com/Hi-Rez/Forge",
        "state": {
          "branch": "master",
          "revision": "50407c40b433cf6eed786dc497b53916203f24bd",
          "version": null
        }
      },
      {
        "package": "Satin",
        "repositoryURL": "https://github.com/Hi-Rez/Satin",
        "state": {
          "branch": "master",
          "revision": "b642b342a192a56f791c45f32b2105a1838b6fb3",
          "version": null
        }
      },
      {
        "package": "Youi",
        "repositoryURL": "https://github.com/Hi-Rez/Youi",
        "state": {
          "branch": "master",
          "revision": "6dfaa8576499fe8efde3c0c45bf2141f42af7091",
          "version": null
        }
      }
    ]
  },
  "version": 1
}
