{
  "pins" : [
    {
      "identity" : "forge",
      "kind" : "remoteSourceControl",
      "location" : "https://github.com/Hi-Rez/Forge",
      "state" : {
        "branch" : "master",
        "revision" : "700e72f59a807577582194c93e0dcb5aa7d53e5d"
      }
    },
    {
      "identity" : "satin",
      "kind" : "remoteSourceControl",
      "location" : "https://github.com/Hi-Rez/Satin",
      "state" : {
        "branch" : "master",
        "revision" : "750aa03d4194807a199a7879951e1955b9c05032"
      }
    },
    {
      "identity" : "youi",
      "kind" : "remoteSourceControl",
      "location" : "https://github.com/Hi-Rez/Youi",
      "state" : {
        "branch" : "master",
        "revision" : "d1efe3424d2b8399101ce656828835f05ef43427"
      }
    }
  ],
  "version" : 2
}
